// !$*UTF8*$!
{
	archiveVersion = 1;
	classes = {
	};
	objectVersion = 48;
	objects = {

/* Begin PBXBuildFile section */
		0D2CE6E41F53FA8F00AC83B1 /* AppDelegate.m in Sources */ = {isa = PBXBuildFile; fileRef = 0D2CE6E31F53FA8F00AC83B1 /* AppDelegate.m */; };
		0D2CE6E71F53FA8F00AC83B1 /* ViewController.m in Sources */ = {isa = PBXBuildFile; fileRef = 0D2CE6E61F53FA8F00AC83B1 /* ViewController.m */; };
		0D2CE6EA1F53FA8F00AC83B1 /* Main.storyboard in Resources */ = {isa = PBXBuildFile; fileRef = 0D2CE6E81F53FA8F00AC83B1 /* Main.storyboard */; };
		0D2CE6EC1F53FA8F00AC83B1 /* Assets.xcassets in Resources */ = {isa = PBXBuildFile; fileRef = 0D2CE6EB1F53FA8F00AC83B1 /* Assets.xcassets */; };
		0D2CE6EF1F53FA8F00AC83B1 /* LaunchScreen.storyboard in Resources */ = {isa = PBXBuildFile; fileRef = 0D2CE6ED1F53FA8F00AC83B1 /* LaunchScreen.storyboard */; };
		0D2CE6F21F53FA8F00AC83B1 /* main.m in Sources */ = {isa = PBXBuildFile; fileRef = 0D2CE6F11F53FA8F00AC83B1 /* main.m */; };
		0D2CE6FC1F53FA9000AC83B1 /* DropDownViewTestTests.m in Sources */ = {isa = PBXBuildFile; fileRef = 0D2CE6FB1F53FA9000AC83B1 /* DropDownViewTestTests.m */; };
		0D2CE7071F53FA9000AC83B1 /* DropDownViewTestUITests.m in Sources */ = {isa = PBXBuildFile; fileRef = 0D2CE7061F53FA9000AC83B1 /* DropDownViewTestUITests.m */; };
/* End PBXBuildFile section */

/* Begin PBXContainerItemProxy section */
		0D2CE6F81F53FA9000AC83B1 /* PBXContainerItemProxy */ = {
			isa = PBXContainerItemProxy;
			containerPortal = 0D2CE6D71F53FA8F00AC83B1 /* Project object */;
			proxyType = 1;
			remoteGlobalIDString = 0D2CE6DE1F53FA8F00AC83B1;
			remoteInfo = DropDownViewTest;
		};
		0D2CE7031F53FA9000AC83B1 /* PBXContainerItemProxy */ = {
			isa = PBXContainerItemProxy;
			containerPortal = 0D2CE6D71F53FA8F00AC83B1 /* Project object */;
			proxyType = 1;
			remoteGlobalIDString = 0D2CE6DE1F53FA8F00AC83B1;
			remoteInfo = DropDownViewTest;
		};
/* End PBXContainerItemProxy section */

/* Begin PBXFileReference section */
		0D2CE6DF1F53FA8F00AC83B1 /* DropDownViewTest.app */ = {isa = PBXFileReference; explicitFileType = wrapper.application; includeInIndex = 0; path = DropDownViewTest.app; sourceTree = BUILT_PRODUCTS_DIR; };
		0D2CE6E21F53FA8F00AC83B1 /* AppDelegate.h */ = {isa = PBXFileReference; lastKnownFileType = sourcecode.c.h; path = AppDelegate.h; sourceTree = "<group>"; };
		0D2CE6E31F53FA8F00AC83B1 /* AppDelegate.m */ = {isa = PBXFileReference; lastKnownFileType = sourcecode.c.objc; path = AppDelegate.m; sourceTree = "<group>"; };
		0D2CE6E51F53FA8F00AC83B1 /* ViewController.h */ = {isa = PBXFileReference; lastKnownFileType = sourcecode.c.h; path = ViewController.h; sourceTree = "<group>"; };
		0D2CE6E61F53FA8F00AC83B1 /* ViewController.m */ = {isa = PBXFileReference; lastKnownFileType = sourcecode.c.objc; path = ViewController.m; sourceTree = "<group>"; };
		0D2CE6E91F53FA8F00AC83B1 /* Base */ = {isa = PBXFileReference; lastKnownFileType = file.storyboard; name = Base; path = Base.lproj/Main.storyboard; sourceTree = "<group>"; };
		0D2CE6EB1F53FA8F00AC83B1 /* Assets.xcassets */ = {isa = PBXFileReference; lastKnownFileType = folder.assetcatalog; path = Assets.xcassets; sourceTree = "<group>"; };
		0D2CE6EE1F53FA8F00AC83B1 /* Base */ = {isa = PBXFileReference; lastKnownFileType = file.storyboard; name = Base; path = Base.lproj/LaunchScreen.storyboard; sourceTree = "<group>"; };
		0D2CE6F01F53FA8F00AC83B1 /* Info.plist */ = {isa = PBXFileReference; lastKnownFileType = text.plist.xml; path = Info.plist; sourceTree = "<group>"; };
		0D2CE6F11F53FA8F00AC83B1 /* main.m */ = {isa = PBXFileReference; lastKnownFileType = sourcecode.c.objc; path = main.m; sourceTree = "<group>"; };
		0D2CE6F71F53FA9000AC83B1 /* DropDownViewTestTests.xctest */ = {isa = PBXFileReference; explicitFileType = wrapper.cfbundle; includeInIndex = 0; path = DropDownViewTestTests.xctest; sourceTree = BUILT_PRODUCTS_DIR; };
		0D2CE6FB1F53FA9000AC83B1 /* DropDownViewTestTests.m */ = {isa = PBXFileReference; lastKnownFileType = sourcecode.c.objc; path = DropDownViewTestTests.m; sourceTree = "<group>"; };
		0D2CE6FD1F53FA9000AC83B1 /* Info.plist */ = {isa = PBXFileReference; lastKnownFileType = text.plist.xml; path = Info.plist; sourceTree = "<group>"; };
		0D2CE7021F53FA9000AC83B1 /* DropDownViewTestUITests.xctest */ = {isa = PBXFileReference; explicitFileType = wrapper.cfbundle; includeInIndex = 0; path = DropDownViewTestUITests.xctest; sourceTree = BUILT_PRODUCTS_DIR; };
		0D2CE7061F53FA9000AC83B1 /* DropDownViewTestUITests.m */ = {isa = PBXFileReference; lastKnownFileType = sourcecode.c.objc; path = DropDownViewTestUITests.m; sourceTree = "<group>"; };
		0D2CE7081F53FA9000AC83B1 /* Info.plist */ = {isa = PBXFileReference; lastKnownFileType = text.plist.xml; path = Info.plist; sourceTree = "<group>"; };
/* End PBXFileReference section */

/* Begin PBXFrameworksBuildPhase section */
		0D2CE6DC1F53FA8F00AC83B1 /* Frameworks */ = {
			isa = PBXFrameworksBuildPhase;
			buildActionMask = 2147483647;
			files = (
			);
			runOnlyForDeploymentPostprocessing = 0;
		};
		0D2CE6F41F53FA9000AC83B1 /* Frameworks */ = {
			isa = PBXFrameworksBuildPhase;
			buildActionMask = 2147483647;
			files = (
			);
			runOnlyForDeploymentPostprocessing = 0;
		};
		0D2CE6FF1F53FA9000AC83B1 /* Frameworks */ = {
			isa = PBXFrameworksBuildPhase;
			buildActionMask = 2147483647;
			files = (
			);
			runOnlyForDeploymentPostprocessing = 0;
		};
/* End PBXFrameworksBuildPhase section */

/* Begin PBXGroup section */
		0D2CE6D61F53FA8F00AC83B1 = {
			isa = PBXGroup;
			children = (
				0D2CE6E11F53FA8F00AC83B1 /* DropDownViewTest */,
				0D2CE6FA1F53FA9000AC83B1 /* DropDownViewTestTests */,
				0D2CE7051F53FA9000AC83B1 /* DropDownViewTestUITests */,
				0D2CE6E01F53FA8F00AC83B1 /* Products */,
			);
			sourceTree = "<group>";
		};
		0D2CE6E01F53FA8F00AC83B1 /* Products */ = {
			isa = PBXGroup;
			children = (
				0D2CE6DF1F53FA8F00AC83B1 /* DropDownViewTest.app */,
				0D2CE6F71F53FA9000AC83B1 /* DropDownViewTestTests.xctest */,
				0D2CE7021F53FA9000AC83B1 /* DropDownViewTestUITests.xctest */,
			);
			name = Products;
			sourceTree = "<group>";
		};
		0D2CE6E11F53FA8F00AC83B1 /* DropDownViewTest */ = {
			isa = PBXGroup;
			children = (
				0D2CE6E21F53FA8F00AC83B1 /* AppDelegate.h */,
				0D2CE6E31F53FA8F00AC83B1 /* AppDelegate.m */,
				0D2CE6E51F53FA8F00AC83B1 /* ViewController.h */,
				0D2CE6E61F53FA8F00AC83B1 /* ViewController.m */,
				0D2CE6E81F53FA8F00AC83B1 /* Main.storyboard */,
				0D2CE6EB1F53FA8F00AC83B1 /* Assets.xcassets */,
				0D2CE6ED1F53FA8F00AC83B1 /* LaunchScreen.storyboard */,
				0D2CE6F01F53FA8F00AC83B1 /* Info.plist */,
				0D2CE6F11F53FA8F00AC83B1 /* main.m */,
			);
			path = DropDownViewTest;
			sourceTree = "<group>";
		};
		0D2CE6FA1F53FA9000AC83B1 /* DropDownViewTestTests */ = {
			isa = PBXGroup;
			children = (
				0D2CE6FB1F53FA9000AC83B1 /* DropDownViewTestTests.m */,
				0D2CE6FD1F53FA9000AC83B1 /* Info.plist */,
			);
			path = DropDownViewTestTests;
			sourceTree = "<group>";
		};
		0D2CE7051F53FA9000AC83B1 /* DropDownViewTestUITests */ = {
			isa = PBXGroup;
			children = (
				0D2CE7061F53FA9000AC83B1 /* DropDownViewTestUITests.m */,
				0D2CE7081F53FA9000AC83B1 /* Info.plist */,
			);
			path = DropDownViewTestUITests;
			sourceTree = "<group>";
		};
/* End PBXGroup section */

/* Begin PBXNativeTarget section */
		0D2CE6DE1F53FA8F00AC83B1 /* DropDownViewTest */ = {
			isa = PBXNativeTarget;
			buildConfigurationList = 0D2CE70B1F53FA9000AC83B1 /* Build configuration list for PBXNativeTarget "DropDownViewTest" */;
			buildPhases = (
				0D2CE6DB1F53FA8F00AC83B1 /* Sources */,
				0D2CE6DC1F53FA8F00AC83B1 /* Frameworks */,
				0D2CE6DD1F53FA8F00AC83B1 /* Resources */,
			);
			buildRules = (
			);
			dependencies = (
			);
			name = DropDownViewTest;
			productName = DropDownViewTest;
			productReference = 0D2CE6DF1F53FA8F00AC83B1 /* DropDownViewTest.app */;
			productType = "com.apple.product-type.application";
		};
		0D2CE6F61F53FA9000AC83B1 /* DropDownViewTestTests */ = {
			isa = PBXNativeTarget;
			buildConfigurationList = 0D2CE70E1F53FA9000AC83B1 /* Build configuration list for PBXNativeTarget "DropDownViewTestTests" */;
			buildPhases = (
				0D2CE6F31F53FA9000AC83B1 /* Sources */,
				0D2CE6F41F53FA9000AC83B1 /* Frameworks */,
				0D2CE6F51F53FA9000AC83B1 /* Resources */,
			);
			buildRules = (
			);
			dependencies = (
				0D2CE6F91F53FA9000AC83B1 /* PBXTargetDependency */,
			);
			name = DropDownViewTestTests;
			productName = DropDownViewTestTests;
			productReference = 0D2CE6F71F53FA9000AC83B1 /* DropDownViewTestTests.xctest */;
			productType = "com.apple.product-type.bundle.unit-test";
		};
		0D2CE7011F53FA9000AC83B1 /* DropDownViewTestUITests */ = {
			isa = PBXNativeTarget;
			buildConfigurationList = 0D2CE7111F53FA9000AC83B1 /* Build configuration list for PBXNativeTarget "DropDownViewTestUITests" */;
			buildPhases = (
				0D2CE6FE1F53FA9000AC83B1 /* Sources */,
				0D2CE6FF1F53FA9000AC83B1 /* Frameworks */,
				0D2CE7001F53FA9000AC83B1 /* Resources */,
			);
			buildRules = (
			);
			dependencies = (
				0D2CE7041F53FA9000AC83B1 /* PBXTargetDependency */,
			);
			name = DropDownViewTestUITests;
			productName = DropDownViewTestUITests;
			productReference = 0D2CE7021F53FA9000AC83B1 /* DropDownViewTestUITests.xctest */;
			productType = "com.apple.product-type.bundle.ui-testing";
		};
/* End PBXNativeTarget section */

/* Begin PBXProject section */
		0D2CE6D71F53FA8F00AC83B1 /* Project object */ = {
			isa = PBXProject;
			attributes = {
				LastUpgradeCheck = 0900;
				ORGANIZATIONNAME = zhengxingyuan;
				TargetAttributes = {
					0D2CE6DE1F53FA8F00AC83B1 = {
						CreatedOnToolsVersion = 9.0;
						ProvisioningStyle = Automatic;
					};
					0D2CE6F61F53FA9000AC83B1 = {
						CreatedOnToolsVersion = 9.0;
						ProvisioningStyle = Automatic;
						TestTargetID = 0D2CE6DE1F53FA8F00AC83B1;
					};
					0D2CE7011F53FA9000AC83B1 = {
						CreatedOnToolsVersion = 9.0;
						ProvisioningStyle = Automatic;
						TestTargetID = 0D2CE6DE1F53FA8F00AC83B1;
					};
				};
			};
			buildConfigurationList = 0D2CE6DA1F53FA8F00AC83B1 /* Build configuration list for PBXProject "DropDownViewTest" */;
			compatibilityVersion = "Xcode 8.0";
			developmentRegion = en;
			hasScannedForEncodings = 0;
			knownRegions = (
				en,
				Base,
			);
			mainGroup = 0D2CE6D61F53FA8F00AC83B1;
			productRefGroup = 0D2CE6E01F53FA8F00AC83B1 /* Products */;
			projectDirPath = "";
			projectRoot = "";
			targets = (
				0D2CE6DE1F53FA8F00AC83B1 /* DropDownViewTest */,
				0D2CE6F61F53FA9000AC83B1 /* DropDownViewTestTests */,
				0D2CE7011F53FA9000AC83B1 /* DropDownViewTestUITests */,
			);
		};
/* End PBXProject section */

/* Begin PBXResourcesBuildPhase section */
		0D2CE6DD1F53FA8F00AC83B1 /* Resources */ = {
			isa = PBXResourcesBuildPhase;
			buildActionMask = 2147483647;
			files = (
				0D2CE6EF1F53FA8F00AC83B1 /* LaunchScreen.storyboard in Resources */,
				0D2CE6EC1F53FA8F00AC83B1 /* Assets.xcassets in Resources */,
				0D2CE6EA1F53FA8F00AC83B1 /* Main.storyboard in Resources */,
			);
			runOnlyForDeploymentPostprocessing = 0;
		};
		0D2CE6F51F53FA9000AC83B1 /* Resources */ = {
			isa = PBXResourcesBuildPhase;
			buildActionMask = 2147483647;
			files = (
			);
			runOnlyForDeploymentPostprocessing = 0;
		};
		0D2CE7001F53FA9000AC83B1 /* Resources */ = {
			isa = PBXResourcesBuildPhase;
			buildActionMask = 2147483647;
			files = (
			);
			runOnlyForDeploymentPostprocessing = 0;
		};
/* End PBXResourcesBuildPhase section */

/* Begin PBXSourcesBuildPhase section */
		0D2CE6DB1F53FA8F00AC83B1 /* Sources */ = {
			isa = PBXSourcesBuildPhase;
			buildActionMask = 2147483647;
			files = (
				0D2CE6E71F53FA8F00AC83B1 /* ViewController.m in Sources */,
				0D2CE6F21F53FA8F00AC83B1 /* main.m in Sources */,
				0D2CE6E41F53FA8F00AC83B1 /* AppDelegate.m in Sources */,
			);
			runOnlyForDeploymentPostprocessing = 0;
		};
		0D2CE6F31F53FA9000AC83B1 /* Sources */ = {
			isa = PBXSourcesBuildPhase;
			buildActionMask = 2147483647;
			files = (
				0D2CE6FC1F53FA9000AC83B1 /* DropDownViewTestTests.m in Sources */,
			);
			runOnlyForDeploymentPostprocessing = 0;
		};
		0D2CE6FE1F53FA9000AC83B1 /* Sources */ = {
			isa = PBXSourcesBuildPhase;
			buildActionMask = 2147483647;
			files = (
				0D2CE7071F53FA9000AC83B1 /* DropDownViewTestUITests.m in Sources */,
			);
			runOnlyForDeploymentPostprocessing = 0;
		};
/* End PBXSourcesBuildPhase section */

/* Begin PBXTargetDependency section */
		0D2CE6F91F53FA9000AC83B1 /* PBXTargetDependency */ = {
			isa = PBXTargetDependency;
			target = 0D2CE6DE1F53FA8F00AC83B1 /* DropDownViewTest */;
			targetProxy = 0D2CE6F81F53FA9000AC83B1 /* PBXContainerItemProxy */;
		};
		0D2CE7041F53FA9000AC83B1 /* PBXTargetDependency */ = {
			isa = PBXTargetDependency;
			target = 0D2CE6DE1F53FA8F00AC83B1 /* DropDownViewTest */;
			targetProxy = 0D2CE7031F53FA9000AC83B1 /* PBXContainerItemProxy */;
		};
/* End PBXTargetDependency section */

/* Begin PBXVariantGroup section */
		0D2CE6E81F53FA8F00AC83B1 /* Main.storyboard */ = {
			isa = PBXVariantGroup;
			children = (
				0D2CE6E91F53FA8F00AC83B1 /* Base */,
			);
			name = Main.storyboard;
			sourceTree = "<group>";
		};
		0D2CE6ED1F53FA8F00AC83B1 /* LaunchScreen.storyboard */ = {
			isa = PBXVariantGroup;
			children = (
				0D2CE6EE1F53FA8F00AC83B1 /* Base */,
			);
			name = LaunchScreen.storyboard;
			sourceTree = "<group>";
		};
/* End PBXVariantGroup section */

/* Begin XCBuildConfiguration section */
		0D2CE7091F53FA9000AC83B1 /* Debug */ = {
			isa = XCBuildConfiguration;
			buildSettings = {
				ALWAYS_SEARCH_USER_PATHS = NO;
				CLANG_ANALYZER_NONNULL = YES;
				CLANG_ANALYZER_NUMBER_OBJECT_CONVERSION = YES_AGGRESSIVE;
				CLANG_CXX_LANGUAGE_STANDARD = "gnu++14";
				CLANG_CXX_LIBRARY = "libc++";
				CLANG_ENABLE_MODULES = YES;
				CLANG_ENABLE_OBJC_ARC = YES;
				CLANG_WARN_BLOCK_CAPTURE_AUTORELEASING = YES;
				CLANG_WARN_BOOL_CONVERSION = YES;
				CLANG_WARN_COMMA = YES;
				CLANG_WARN_CONSTANT_CONVERSION = YES;
				CLANG_WARN_DIRECT_OBJC_ISA_USAGE = YES_ERROR;
				CLANG_WARN_DOCUMENTATION_COMMENTS = YES;
				CLANG_WARN_EMPTY_BODY = YES;
				CLANG_WARN_ENUM_CONVERSION = YES;
				CLANG_WARN_INFINITE_RECURSION = YES;
				CLANG_WARN_INT_CONVERSION = YES;
				CLANG_WARN_NON_LITERAL_NULL_CONVERSION = YES;
				CLANG_WARN_OBJC_LITERAL_CONVERSION = YES;
				CLANG_WARN_OBJC_ROOT_CLASS = YES_ERROR;
				CLANG_WARN_RANGE_LOOP_ANALYSIS = YES;
				CLANG_WARN_STRICT_PROTOTYPES = YES;
				CLANG_WARN_SUSPICIOUS_MOVE = YES;
				CLANG_WARN_UNGUARDED_AVAILABILITY = YES_AGGRESSIVE;
				CLANG_WARN_UNREACHABLE_CODE = YES;
				CLANG_WARN__DUPLICATE_METHOD_MATCH = YES;
				CODE_SIGN_IDENTITY = "iPhone Developer";
				COPY_PHASE_STRIP = NO;
				DEBUG_INFORMATION_FORMAT = dwarf;
				ENABLE_STRICT_OBJC_MSGSEND = YES;
				ENABLE_TESTABILITY = YES;
				GCC_C_LANGUAGE_STANDARD = gnu11;
				GCC_DYNAMIC_NO_PIC = NO;
				GCC_NO_COMMON_BLOCKS = YES;
				GCC_OPTIMIZATION_LEVEL = 0;
				GCC_PREPROCESSOR_DEFINITIONS = (
					"DEBUG=1",
					"$(inherited)",
				);
				GCC_WARN_64_TO_32_BIT_CONVERSION = YES;
				GCC_WARN_ABOUT_RETURN_TYPE = YES_ERROR;
				GCC_WARN_UNDECLARED_SELECTOR = YES;
				GCC_WARN_UNINITIALIZED_AUTOS = YES_AGGRESSIVE;
				GCC_WARN_UNUSED_FUNCTION = YES;
				GCC_WARN_UNUSED_VARIABLE = YES;
				IPHONEOS_DEPLOYMENT_TARGET = 11.0;
				MTL_ENABLE_DEBUG_INFO = YES;
				ONLY_ACTIVE_ARCH = YES;
				SDKROOT = iphoneos;
			};
			name = Debug;
		};
		0D2CE70A1F53FA9000AC83B1 /* Release */ = {
			isa = XCBuildConfiguration;
			buildSettings = {
				ALWAYS_SEARCH_USER_PATHS = NO;
				CLANG_ANALYZER_NONNULL = YES;
				CLANG_ANALYZER_NUMBER_OBJECT_CONVERSION = YES_AGGRESSIVE;
				CLANG_CXX_LANGUAGE_STANDARD = "gnu++14";
				CLANG_CXX_LIBRARY = "libc++";
				CLANG_ENABLE_MODULES = YES;
				CLANG_ENABLE_OBJC_ARC = YES;
				CLANG_WARN_BLOCK_CAPTURE_AUTORELEASING = YES;
				CLANG_WARN_BOOL_CONVERSION = YES;
				CLANG_WARN_COMMA = YES;
				CLANG_WARN_CONSTANT_CONVERSION = YES;
				CLANG_WARN_DIRECT_OBJC_ISA_USAGE = YES_ERROR;
				CLANG_WARN_DOCUMENTATION_COMMENTS = YES;
				CLANG_WARN_EMPTY_BODY = YES;
				CLANG_WARN_ENUM_CONVERSION = YES;
				CLANG_WARN_INFINITE_RECURSION = YES;
				CLANG_WARN_INT_CONVERSION = YES;
				CLANG_WARN_NON_LITERAL_NULL_CONVERSION = YES;
				CLANG_WARN_OBJC_LITERAL_CONVERSION = YES;
				CLANG_WARN_OBJC_ROOT_CLASS = YES_ERROR;
				CLANG_WARN_RANGE_LOOP_ANALYSIS = YES;
				CLANG_WARN_STRICT_PROTOTYPES = YES;
				CLANG_WARN_SUSPICIOUS_MOVE = YES;
				CLANG_WARN_UNGUARDED_AVAILABILITY = YES_AGGRESSIVE;
				CLANG_WARN_UNREACHABLE_CODE = YES;
				CLANG_WARN__DUPLICATE_METHOD_MATCH = YES;
				CODE_SIGN_IDENTITY = "iPhone Developer";
				COPY_PHASE_STRIP = NO;
				DEBUG_INFORMATION_FORMAT = "dwarf-with-dsym";
				ENABLE_NS_ASSERTIONS = NO;
				ENABLE_STRICT_OBJC_MSGSEND = YES;
				GCC_C_LANGUAGE_STANDARD = gnu11;
				GCC_NO_COMMON_BLOCKS = YES;
				GCC_WARN_64_TO_32_BIT_CONVERSION = YES;
				GCC_WARN_ABOUT_RETURN_TYPE = YES_ERROR;
				GCC_WARN_UNDECLARED_SELECTOR = YES;
				GCC_WARN_UNINITIALIZED_AUTOS = YES_AGGRESSIVE;
				GCC_WARN_UNUSED_FUNCTION = YES;
				GCC_WARN_UNUSED_VARIABLE = YES;
				IPHONEOS_DEPLOYMENT_TARGET = 11.0;
				MTL_ENABLE_DEBUG_INFO = NO;
				SDKROOT = iphoneos;
				VALIDATE_PRODUCT = YES;
			};
			name = Release;
		};
		0D2CE70C1F53FA9000AC83B1 /* Debug */ = {
			isa = XCBuildConfiguration;
			buildSettings = {
				ASSETCATALOG_COMPILER_APPICON_NAME = AppIcon;
				CODE_SIGN_STYLE = Automatic;
				INFOPLIST_FILE = DropDownViewTest/Info.plist;
				LD_RUNPATH_SEARCH_PATHS = "$(inherited) @executable_path/Frameworks";
				PRODUCT_BUNDLE_IDENTIFIER = com.zhengxingyuan.DropDownViewTest;
				PRODUCT_NAME = "$(TARGET_NAME)";
				TARGETED_DEVICE_FAMILY = "1,2";
			};
			name = Debug;
		};
		0D2CE70D1F53FA9000AC83B1 /* Release */ = {
			isa = XCBuildConfiguration;
			buildSettings = {
				ASSETCATALOG_COMPILER_APPICON_NAME = AppIcon;
				CODE_SIGN_STYLE = Automatic;
				INFOPLIST_FILE = DropDownViewTest/Info.plist;
				LD_RUNPATH_SEARCH_PATHS = "$(inherited) @executable_path/Frameworks";
				PRODUCT_BUNDLE_IDENTIFIER = com.zhengxingyuan.DropDownViewTest;
				PRODUCT_NAME = "$(TARGET_NAME)";
				TARGETED_DEVICE_FAMILY = "1,2";
			};
			name = Release;
		};
		0D2CE70F1F53FA9000AC83B1 /* Debug */ = {
			isa = XCBuildConfiguration;
			buildSettings = {
				BUNDLE_LOADER = "$(TEST_HOST)";
				CODE_SIGN_STYLE = Automatic;
				INFOPLIST_FILE = DropDownViewTestTests/Info.plist;
				LD_RUNPATH_SEARCH_PATHS = "$(inherited) @executable_path/Frameworks @loader_path/Frameworks";
				PRODUCT_BUNDLE_IDENTIFIER = com.zhengxingyuan.DropDownViewTestTests;
				PRODUCT_NAME = "$(TARGET_NAME)";
				TARGETED_DEVICE_FAMILY = "1,2";
				TEST_HOST = "$(BUILT_PRODUCTS_DIR)/DropDownViewTest.app/DropDownViewTest";
			};
			name = Debug;
		};
		0D2CE7101F53FA9000AC83B1 /* Release */ = {
			isa = XCBuildConfiguration;
			buildSettings = {
				BUNDLE_LOADER = "$(TEST_HOST)";
				CODE_SIGN_STYLE = Automatic;
				INFOPLIST_FILE = DropDownViewTestTests/Info.plist;
				LD_RUNPATH_SEARCH_PATHS = "$(inherited) @executable_path/Frameworks @loader_path/Frameworks";
				PRODUCT_BUNDLE_IDENTIFIER = com.zhengxingyuan.DropDownViewTestTests;
				PRODUCT_NAME = "$(TARGET_NAME)";
				TARGETED_DEVICE_FAMILY = "1,2";
				TEST_HOST = "$(BUILT_PRODUCTS_DIR)/DropDownViewTest.app/DropDownViewTest";
			};
			name = Release;
		};
		0D2CE7121F53FA9000AC83B1 /* Debug */ = {
			isa = XCBuildConfiguration;
			buildSettings = {
				CODE_SIGN_STYLE = Automatic;
				INFOPLIST_FILE = DropDownViewTestUITests/Info.plist;
				LD_RUNPATH_SEARCH_PATHS = "$(inherited) @executable_path/Frameworks @loader_path/Frameworks";
				PRODUCT_BUNDLE_IDENTIFIER = com.zhengxingyuan.DropDownViewTestUITests;
				PRODUCT_NAME = "$(TARGET_NAME)";
				TARGETED_DEVICE_FAMILY = "1,2";
				TEST_TARGET_NAME = DropDownViewTest;
			};
			name = Debug;
		};
		0D2CE7131F53FA9000AC83B1 /* Release */ = {
			isa = XCBuildConfiguration;
			buildSettings = {
				CODE_SIGN_STYLE = Automatic;
				INFOPLIST_FILE = DropDownViewTestUITests/Info.plist;
				LD_RUNPATH_SEARCH_PATHS = "$(inherited) @executable_path/Frameworks @loader_path/Frameworks";
				PRODUCT_BUNDLE_IDENTIFIER = com.zhengxingyuan.DropDownViewTestUITests;
				PRODUCT_NAME = "$(TARGET_NAME)";
				TARGETED_DEVICE_FAMILY = "1,2";
				TEST_TARGET_NAME = DropDownViewTest;
			};
			name = Release;
		};
/* End XCBuildConfiguration section */

/* Begin XCConfigurationList section */
		0D2CE6DA1F53FA8F00AC83B1 /* Build configuration list for PBXProject "DropDownViewTest" */ = {
			isa = XCConfigurationList;
			buildConfigurations = (
				0D2CE7091F53FA9000AC83B1 /* Debug */,
				0D2CE70A1F53FA9000AC83B1 /* Release */,
			);
			defaultConfigurationIsVisible = 0;
			defaultConfigurationName = Release;
		};
		0D2CE70B1F53FA9000AC83B1 /* Build configuration list for PBXNativeTarget "DropDownViewTest" */ = {
			isa = XCConfigurationList;
			buildConfigurations = (
				0D2CE70C1F53FA9000AC83B1 /* Debug */,
				0D2CE70D1F53FA9000AC83B1 /* Release */,
			);
			defaultConfigurationIsVisible = 0;
			defaultConfigurationName = Release;
		};
		0D2CE70E1F53FA9000AC83B1 /* Build configuration list for PBXNativeTarget "DropDownViewTestTests" */ = {
			isa = XCConfigurationList;
			buildConfigurations = (
				0D2CE70F1F53FA9000AC83B1 /* Debug */,
				0D2CE7101F53FA9000AC83B1 /* Release */,
			);
			defaultConfigurationIsVisible = 0;
			defaultConfigurationName = Release;
		};
		0D2CE7111F53FA9000AC83B1 /* Build configuration list for PBXNativeTarget "DropDownViewTestUITests" */ = {
			isa = XCConfigurationList;
			buildConfigurations = (
				0D2CE7121F53FA9000AC83B1 /* Debug */,
				0D2CE7131F53FA9000AC83B1 /* Release */,
			);
			defaultConfigurationIsVisible = 0;
			defaultConfigurationName = Release;
		};
/* End XCConfigurationList section */
	};
	rootObject = 0D2CE6D71F53FA8F00AC83B1 /* Project object */;
}
